
Microsoft Visual Studio Solution File, Format Version 12.00
# Visual Studio Version 17
VisualStudioVersion = 17.0.31903.59
MinimumVisualStudioVersion = 10.0.40219.1
Project("{2150E333-8FDC-42A3-9474-1A3956D46DE8}") = "src", "src", "{FEAECF9E-E901-41CE-9C71-97A94786590B}"
EndProject
Project("{FAE04EC0-301F-11D3-BF4B-00C04F79EFBC}") = "ProjectToggle.Main", "src\Main\ProjectToggle.Main.csproj", "{4184340A-DF15-4D0C-9623-35AC755D3099}"
EndProject
Project("{FAE04EC0-301F-11D3-BF4B-00C04F79EFBC}") = "ProjectToggle.Domain", "src\Domain\ProjectToggle.Domain.csproj", "{5D59E6E2-72A2-4A3B-B765-EE90B8015401}"
EndProject
Global
	GlobalSection(SolutionConfigurationPlatforms) = preSolution
		Debug|Any CPU = Debug|Any CPU
		Release|Any CPU = Release|Any CPU
	EndGlobalSection
	GlobalSection(SolutionProperties) = preSolution
		HideSolutionNode = FALSE
	EndGlobalSection
	GlobalSection(ProjectConfigurationPlatforms) = postSolution
		{4184340A-DF15-4D0C-9623-35AC755D3099}.Debug|Any CPU.ActiveCfg = Debug|Any CPU
		{4184340A-DF15-4D0C-9623-35AC755D3099}.Debug|Any CPU.Build.0 = Debug|Any CPU
		{4184340A-DF15-4D0C-9623-35AC755D3099}.Release|Any CPU.ActiveCfg = Release|Any CPU
		{4184340A-DF15-4D0C-9623-35AC755D3099}.Release|Any CPU.Build.0 = Release|Any CPU
		{5D59E6E2-72A2-4A3B-B765-EE90B8015401}.Debug|Any CPU.ActiveCfg = Debug|Any CPU
		{5D59E6E2-72A2-4A3B-B765-EE90B8015401}.Debug|Any CPU.Build.0 = Debug|Any CPU
		{5D59E6E2-72A2-4A3B-B765-EE90B8015401}.Release|Any CPU.ActiveCfg = Release|Any CPU
		{5D59E6E2-72A2-4A3B-B765-EE90B8015401}.Release|Any CPU.Build.0 = Release|Any CPU
	EndGlobalSection
	GlobalSection(NestedProjects) = preSolution
		{4184340A-DF15-4D0C-9623-35AC755D3099} = {FEAECF9E-E901-41CE-9C71-97A94786590B}
		{5D59E6E2-72A2-4A3B-B765-EE90B8015401} = {FEAECF9E-E901-41CE-9C71-97A94786590B}
	EndGlobalSection
EndGlobal
